// !$*UTF8*$!
{
	archiveVersion = 1;
	classes = {
	};
	objectVersion = 51;
	objects = {

/* Begin PBXBuildFile section */
		2E18506E237892DC0051D33F /* MainView.swift in Sources */ = {isa = PBXBuildFile; fileRef = 2E18506D237892DC0051D33F /* MainView.swift */; };
		2E185075237893550051D33F /* MainViewController.swift in Sources */ = {isa = PBXBuildFile; fileRef = 2E185073237893550051D33F /* MainViewController.swift */; };
		2E185076237893550051D33F /* MainView.xib in Resources */ = {isa = PBXBuildFile; fileRef = 2E185074237893550051D33F /* MainView.xib */; };
		2E1C52A9232C2F2900A05820 /* AppDelegate.swift in Sources */ = {isa = PBXBuildFile; fileRef = 2E1C52A8232C2F2900A05820 /* AppDelegate.swift */; };
		2E1C52AB232C2F2900A05820 /* RootViewController.swift in Sources */ = {isa = PBXBuildFile; fileRef = 2E1C52AA232C2F2900A05820 /* RootViewController.swift */; };
		2E1C52B1232C2F2900A05820 /* coffeeshop.xcdatamodeld in Sources */ = {isa = PBXBuildFile; fileRef = 2E1C52AF232C2F2900A05820 /* coffeeshop.xcdatamodeld */; };
		2E1C52B3232C2F2C00A05820 /* Assets.xcassets in Resources */ = {isa = PBXBuildFile; fileRef = 2E1C52B2232C2F2C00A05820 /* Assets.xcassets */; };
		2E1C52B6232C2F2C00A05820 /* LaunchScreen.storyboard in Resources */ = {isa = PBXBuildFile; fileRef = 2E1C52B4232C2F2C00A05820 /* LaunchScreen.storyboard */; };
		2E1C52C1232C2F2C00A05820 /* coffeeshopTests.swift in Sources */ = {isa = PBXBuildFile; fileRef = 2E1C52C0232C2F2C00A05820 /* coffeeshopTests.swift */; };
		2E1C52CC232C2F2C00A05820 /* coffeeshopUITests.swift in Sources */ = {isa = PBXBuildFile; fileRef = 2E1C52CB232C2F2C00A05820 /* coffeeshopUITests.swift */; };
		2E4E6AA72358F9890040D9C0 /* MenuViewController.swift in Sources */ = {isa = PBXBuildFile; fileRef = 2E4E6AA52358F9890040D9C0 /* MenuViewController.swift */; };
		2E4E6AA82358F9890040D9C0 /* MenuView.xib in Resources */ = {isa = PBXBuildFile; fileRef = 2E4E6AA62358F9890040D9C0 /* MenuView.xib */; };
		2E4E6AAA2358F9A40040D9C0 /* MenuView.swift in Sources */ = {isa = PBXBuildFile; fileRef = 2E4E6AA92358F9A40040D9C0 /* MenuView.swift */; };
		2EA33F95237080C600D37531 /* FirstPageView.swift in Sources */ = {isa = PBXBuildFile; fileRef = 2EA33F94237080C600D37531 /* FirstPageView.swift */; };
		2EC451BF2368C46000DBAB10 /* HomeViewController.swift in Sources */ = {isa = PBXBuildFile; fileRef = 2EC451BD2368C46000DBAB10 /* HomeViewController.swift */; };
		2EC451C02368C46000DBAB10 /* HomeViewController.xib in Resources */ = {isa = PBXBuildFile; fileRef = 2EC451BE2368C46000DBAB10 /* HomeViewController.xib */; };
		2EC451C82368C79700DBAB10 /* StoreCollectionViewCell.swift in Sources */ = {isa = PBXBuildFile; fileRef = 2EC451C62368C79700DBAB10 /* StoreCollectionViewCell.swift */; };
		2EC451C92368C79700DBAB10 /* StoreCollectionViewCell.xib in Resources */ = {isa = PBXBuildFile; fileRef = 2EC451C72368C79700DBAB10 /* StoreCollectionViewCell.xib */; };
		2EC451CC2369317C00DBAB10 /* Product.swift in Sources */ = {isa = PBXBuildFile; fileRef = 2EC451CB2369317C00DBAB10 /* Product.swift */; };
		2EC451D2236932CD00DBAB10 /* MenuTableViewCell.swift in Sources */ = {isa = PBXBuildFile; fileRef = 2EC451D0236932CD00DBAB10 /* MenuTableViewCell.swift */; };
		2EC451D3236932CD00DBAB10 /* MenuTableViewCell.xib in Resources */ = {isa = PBXBuildFile; fileRef = 2EC451D1236932CD00DBAB10 /* MenuTableViewCell.xib */; };
		2EC7082A235B66160040A69B /* StoresView.swift in Sources */ = {isa = PBXBuildFile; fileRef = 2EC70829235B66160040A69B /* StoresView.swift */; };
		2EC7082D235B66830040A69B /* UserViewController.swift in Sources */ = {isa = PBXBuildFile; fileRef = 2EC7082B235B66830040A69B /* UserViewController.swift */; };
		2EC7082E235B66830040A69B /* UserViewController.xib in Resources */ = {isa = PBXBuildFile; fileRef = 2EC7082C235B66830040A69B /* UserViewController.xib */; };
		2EC70830235B66940040A69B /* UserView.swift in Sources */ = {isa = PBXBuildFile; fileRef = 2EC7082F235B66940040A69B /* UserView.swift */; };
		2ECD36D2235669E900272D91 /* StoresViewController.swift in Sources */ = {isa = PBXBuildFile; fileRef = 2ECD36D0235669E900272D91 /* StoresViewController.swift */; };
		2ECD36D3235669E900272D91 /* StoresViewController.xib in Resources */ = {isa = PBXBuildFile; fileRef = 2ECD36D1235669E900272D91 /* StoresViewController.xib */; };
		2ECD36D723579D8900272D91 /* StoreViewModel.swift in Sources */ = {isa = PBXBuildFile; fileRef = 2ECD36D623579D8900272D91 /* StoreViewModel.swift */; };
		2ECD36D923579D9600272D91 /* StoreModel.swift in Sources */ = {isa = PBXBuildFile; fileRef = 2ECD36D823579D9600272D91 /* StoreModel.swift */; };
		2ECD36DB2358F46E00272D91 /* MenuModel.swift in Sources */ = {isa = PBXBuildFile; fileRef = 2ECD36DA2358F46E00272D91 /* MenuModel.swift */; };
		2ECD36DD2358F47800272D91 /* UserModel.swift in Sources */ = {isa = PBXBuildFile; fileRef = 2ECD36DC2358F47800272D91 /* UserModel.swift */; };
		2ECD36DF2358F48D00272D91 /* OrderModel.swift in Sources */ = {isa = PBXBuildFile; fileRef = 2ECD36DE2358F48D00272D91 /* OrderModel.swift */; };
		2EF8B9FB23709C9A007C2AA8 /* CircleImage.swift in Sources */ = {isa = PBXBuildFile; fileRef = 2EF8B9FA23709C9A007C2AA8 /* CircleImage.swift */; };
		2EF8B9FF23709E5E007C2AA8 /* MapView.swift in Sources */ = {isa = PBXBuildFile; fileRef = 2EF8B9FE23709E5E007C2AA8 /* MapView.swift */; };
		2EF8BA022370A412007C2AA8 /* storesInfo.json in Resources */ = {isa = PBXBuildFile; fileRef = 2EF8BA012370A412007C2AA8 /* storesInfo.json */; };
/* End PBXBuildFile section */

/* Begin PBXContainerItemProxy section */
		2E1C52BD232C2F2C00A05820 /* PBXContainerItemProxy */ = {
			isa = PBXContainerItemProxy;
			containerPortal = 2E1C529D232C2F2800A05820 /* Project object */;
			proxyType = 1;
			remoteGlobalIDString = 2E1C52A4232C2F2800A05820;
			remoteInfo = coffeeshop;
		};
		2E1C52C8232C2F2C00A05820 /* PBXContainerItemProxy */ = {
			isa = PBXContainerItemProxy;
			containerPortal = 2E1C529D232C2F2800A05820 /* Project object */;
			proxyType = 1;
			remoteGlobalIDString = 2E1C52A4232C2F2800A05820;
			remoteInfo = coffeeshop;
		};
/* End PBXContainerItemProxy section */

/* Begin PBXFileReference section */
		1DB73EF0581A437AA755B1ED /* Pods-coffeeshopTests.release.xcconfig */ = {isa = PBXFileReference; includeInIndex = 1; lastKnownFileType = text.xcconfig; name = "Pods-coffeeshopTests.release.xcconfig"; path = "Target Support Files/Pods-coffeeshopTests/Pods-coffeeshopTests.release.xcconfig"; sourceTree = "<group>"; };
		2E18506D237892DC0051D33F /* MainView.swift */ = {isa = PBXFileReference; lastKnownFileType = sourcecode.swift; name = MainView.swift; path = coffeeshop/MainView.swift; sourceTree = SOURCE_ROOT; };
		2E185073237893550051D33F /* MainViewController.swift */ = {isa = PBXFileReference; lastKnownFileType = sourcecode.swift; path = MainViewController.swift; sourceTree = "<group>"; };
		2E185074237893550051D33F /* MainView.xib */ = {isa = PBXFileReference; lastKnownFileType = file.xib; path = MainView.xib; sourceTree = "<group>"; };
		2E1C52A5232C2F2900A05820 /* coffeeshop.app */ = {isa = PBXFileReference; explicitFileType = wrapper.application; includeInIndex = 0; path = coffeeshop.app; sourceTree = BUILT_PRODUCTS_DIR; };
		2E1C52A8232C2F2900A05820 /* AppDelegate.swift */ = {isa = PBXFileReference; lastKnownFileType = sourcecode.swift; path = AppDelegate.swift; sourceTree = "<group>"; };
		2E1C52AA232C2F2900A05820 /* RootViewController.swift */ = {isa = PBXFileReference; lastKnownFileType = sourcecode.swift; path = RootViewController.swift; sourceTree = "<group>"; };
		2E1C52B0232C2F2900A05820 /* coffeeshop.xcdatamodel */ = {isa = PBXFileReference; lastKnownFileType = wrapper.xcdatamodel; path = coffeeshop.xcdatamodel; sourceTree = "<group>"; };
		2E1C52B2232C2F2C00A05820 /* Assets.xcassets */ = {isa = PBXFileReference; lastKnownFileType = folder.assetcatalog; path = Assets.xcassets; sourceTree = "<group>"; };
		2E1C52B5232C2F2C00A05820 /* Base */ = {isa = PBXFileReference; lastKnownFileType = file.storyboard; name = Base; path = Base.lproj/LaunchScreen.storyboard; sourceTree = "<group>"; };
		2E1C52B7232C2F2C00A05820 /* Info.plist */ = {isa = PBXFileReference; lastKnownFileType = text.plist.xml; path = Info.plist; sourceTree = "<group>"; };
		2E1C52BC232C2F2C00A05820 /* coffeeshopTests.xctest */ = {isa = PBXFileReference; explicitFileType = wrapper.cfbundle; includeInIndex = 0; path = coffeeshopTests.xctest; sourceTree = BUILT_PRODUCTS_DIR; };
		2E1C52C0232C2F2C00A05820 /* coffeeshopTests.swift */ = {isa = PBXFileReference; lastKnownFileType = sourcecode.swift; path = coffeeshopTests.swift; sourceTree = "<group>"; };
		2E1C52C2232C2F2C00A05820 /* Info.plist */ = {isa = PBXFileReference; lastKnownFileType = text.plist.xml; path = Info.plist; sourceTree = "<group>"; };
		2E1C52C7232C2F2C00A05820 /* coffeeshopUITests.xctest */ = {isa = PBXFileReference; explicitFileType = wrapper.cfbundle; includeInIndex = 0; path = coffeeshopUITests.xctest; sourceTree = BUILT_PRODUCTS_DIR; };
		2E1C52CB232C2F2C00A05820 /* coffeeshopUITests.swift */ = {isa = PBXFileReference; lastKnownFileType = sourcecode.swift; path = coffeeshopUITests.swift; sourceTree = "<group>"; };
		2E1C52CD232C2F2C00A05820 /* Info.plist */ = {isa = PBXFileReference; lastKnownFileType = text.plist.xml; path = Info.plist; sourceTree = "<group>"; };
		2E4E6AA52358F9890040D9C0 /* MenuViewController.swift */ = {isa = PBXFileReference; lastKnownFileType = sourcecode.swift; path = MenuViewController.swift; sourceTree = "<group>"; };
		2E4E6AA62358F9890040D9C0 /* MenuView.xib */ = {isa = PBXFileReference; lastKnownFileType = file.xib; path = MenuView.xib; sourceTree = "<group>"; };
		2E4E6AA92358F9A40040D9C0 /* MenuView.swift */ = {isa = PBXFileReference; lastKnownFileType = sourcecode.swift; path = MenuView.swift; sourceTree = "<group>"; };
		2EA33F94237080C600D37531 /* FirstPageView.swift */ = {isa = PBXFileReference; lastKnownFileType = sourcecode.swift; path = FirstPageView.swift; sourceTree = "<group>"; };
		2EC451BD2368C46000DBAB10 /* HomeViewController.swift */ = {isa = PBXFileReference; lastKnownFileType = sourcecode.swift; path = HomeViewController.swift; sourceTree = "<group>"; };
		2EC451BE2368C46000DBAB10 /* HomeViewController.xib */ = {isa = PBXFileReference; lastKnownFileType = file.xib; path = HomeViewController.xib; sourceTree = "<group>"; };
		2EC451C62368C79700DBAB10 /* StoreCollectionViewCell.swift */ = {isa = PBXFileReference; lastKnownFileType = sourcecode.swift; path = StoreCollectionViewCell.swift; sourceTree = "<group>"; };
		2EC451C72368C79700DBAB10 /* StoreCollectionViewCell.xib */ = {isa = PBXFileReference; lastKnownFileType = file.xib; path = StoreCollectionViewCell.xib; sourceTree = "<group>"; };
		2EC451CB2369317C00DBAB10 /* Product.swift */ = {isa = PBXFileReference; lastKnownFileType = sourcecode.swift; path = Product.swift; sourceTree = "<group>"; };
		2EC451D0236932CD00DBAB10 /* MenuTableViewCell.swift */ = {isa = PBXFileReference; lastKnownFileType = sourcecode.swift; path = MenuTableViewCell.swift; sourceTree = "<group>"; };
		2EC451D1236932CD00DBAB10 /* MenuTableViewCell.xib */ = {isa = PBXFileReference; lastKnownFileType = file.xib; path = MenuTableViewCell.xib; sourceTree = "<group>"; };
		2EC70829235B66160040A69B /* StoresView.swift */ = {isa = PBXFileReference; lastKnownFileType = sourcecode.swift; path = StoresView.swift; sourceTree = "<group>"; };
		2EC7082B235B66830040A69B /* UserViewController.swift */ = {isa = PBXFileReference; lastKnownFileType = sourcecode.swift; path = UserViewController.swift; sourceTree = "<group>"; };
		2EC7082C235B66830040A69B /* UserViewController.xib */ = {isa = PBXFileReference; lastKnownFileType = file.xib; path = UserViewController.xib; sourceTree = "<group>"; };
		2EC7082F235B66940040A69B /* UserView.swift */ = {isa = PBXFileReference; lastKnownFileType = sourcecode.swift; path = UserView.swift; sourceTree = "<group>"; };
		2ECD36D0235669E900272D91 /* StoresViewController.swift */ = {isa = PBXFileReference; lastKnownFileType = sourcecode.swift; path = StoresViewController.swift; sourceTree = "<group>"; };
		2ECD36D1235669E900272D91 /* StoresViewController.xib */ = {isa = PBXFileReference; lastKnownFileType = file.xib; path = StoresViewController.xib; sourceTree = "<group>"; };
		2ECD36D623579D8900272D91 /* StoreViewModel.swift */ = {isa = PBXFileReference; lastKnownFileType = sourcecode.swift; path = StoreViewModel.swift; sourceTree = "<group>"; };
		2ECD36D823579D9600272D91 /* StoreModel.swift */ = {isa = PBXFileReference; lastKnownFileType = sourcecode.swift; path = StoreModel.swift; sourceTree = "<group>"; };
		2ECD36DA2358F46E00272D91 /* MenuModel.swift */ = {isa = PBXFileReference; lastKnownFileType = sourcecode.swift; path = MenuModel.swift; sourceTree = "<group>"; };
		2ECD36DC2358F47800272D91 /* UserModel.swift */ = {isa = PBXFileReference; lastKnownFileType = sourcecode.swift; path = UserModel.swift; sourceTree = "<group>"; };
		2ECD36DE2358F48D00272D91 /* OrderModel.swift */ = {isa = PBXFileReference; lastKnownFileType = sourcecode.swift; path = OrderModel.swift; sourceTree = "<group>"; };
		2EF8B9FA23709C9A007C2AA8 /* CircleImage.swift */ = {isa = PBXFileReference; lastKnownFileType = sourcecode.swift; path = CircleImage.swift; sourceTree = "<group>"; };
		2EF8B9FE23709E5E007C2AA8 /* MapView.swift */ = {isa = PBXFileReference; lastKnownFileType = sourcecode.swift; path = MapView.swift; sourceTree = "<group>"; };
		2EF8BA012370A412007C2AA8 /* storesInfo.json */ = {isa = PBXFileReference; lastKnownFileType = text.json; path = storesInfo.json; sourceTree = "<group>"; };
		3E0B19C17AFBC913E7BD05E3 /* Pods-coffeeshop.release.xcconfig */ = {isa = PBXFileReference; includeInIndex = 1; lastKnownFileType = text.xcconfig; name = "Pods-coffeeshop.release.xcconfig"; path = "Target Support Files/Pods-coffeeshop/Pods-coffeeshop.release.xcconfig"; sourceTree = "<group>"; };
		9B4CAD20DB2A07973498106C /* Pods-coffeeshop.debug.xcconfig */ = {isa = PBXFileReference; includeInIndex = 1; lastKnownFileType = text.xcconfig; name = "Pods-coffeeshop.debug.xcconfig"; path = "Target Support Files/Pods-coffeeshop/Pods-coffeeshop.debug.xcconfig"; sourceTree = "<group>"; };
		DD02FBA4D8766B3EC35228CB /* Pods-coffeeshopUITests.release.xcconfig */ = {isa = PBXFileReference; includeInIndex = 1; lastKnownFileType = text.xcconfig; name = "Pods-coffeeshopUITests.release.xcconfig"; path = "Target Support Files/Pods-coffeeshopUITests/Pods-coffeeshopUITests.release.xcconfig"; sourceTree = "<group>"; };
		DD38A563AFDDCF5F1AF1E76A /* Pods-coffeeshopTests.debug.xcconfig */ = {isa = PBXFileReference; includeInIndex = 1; lastKnownFileType = text.xcconfig; name = "Pods-coffeeshopTests.debug.xcconfig"; path = "Target Support Files/Pods-coffeeshopTests/Pods-coffeeshopTests.debug.xcconfig"; sourceTree = "<group>"; };
		F4D38068032742A95BD767BC /* Pods-coffeeshopUITests.debug.xcconfig */ = {isa = PBXFileReference; includeInIndex = 1; lastKnownFileType = text.xcconfig; name = "Pods-coffeeshopUITests.debug.xcconfig"; path = "Target Support Files/Pods-coffeeshopUITests/Pods-coffeeshopUITests.debug.xcconfig"; sourceTree = "<group>"; };
/* End PBXFileReference section */

/* Begin PBXFrameworksBuildPhase section */
		2E1C52A2232C2F2800A05820 /* Frameworks */ = {
			isa = PBXFrameworksBuildPhase;
			buildActionMask = 2147483647;
			files = (
			);
			runOnlyForDeploymentPostprocessing = 0;
		};
		2E1C52B9232C2F2C00A05820 /* Frameworks */ = {
			isa = PBXFrameworksBuildPhase;
			buildActionMask = 2147483647;
			files = (
			);
			runOnlyForDeploymentPostprocessing = 0;
		};
		2E1C52C4232C2F2C00A05820 /* Frameworks */ = {
			isa = PBXFrameworksBuildPhase;
			buildActionMask = 2147483647;
			files = (
			);
			runOnlyForDeploymentPostprocessing = 0;
		};
/* End PBXFrameworksBuildPhase section */

/* Begin PBXGroup section */
		2E18506C237892BB0051D33F /* MainView */ = {
			isa = PBXGroup;
			children = (
				2E18506D237892DC0051D33F /* MainView.swift */,
				2E185073237893550051D33F /* MainViewController.swift */,
				2E185074237893550051D33F /* MainView.xib */,
			);
			path = MainView;
			sourceTree = "<group>";
		};
		2E1C529C232C2F2800A05820 = {
			isa = PBXGroup;
			children = (
				2E1C52A7232C2F2900A05820 /* coffeeshop */,
				2E1C52BF232C2F2C00A05820 /* coffeeshopTests */,
				2E1C52CA232C2F2C00A05820 /* coffeeshopUITests */,
				2E1C52A6232C2F2900A05820 /* Products */,
				E5A0C2D9977E6C32A084FA23 /* Pods */,
			);
			sourceTree = "<group>";
		};
		2E1C52A6232C2F2900A05820 /* Products */ = {
			isa = PBXGroup;
			children = (
				2E1C52A5232C2F2900A05820 /* coffeeshop.app */,
				2E1C52BC232C2F2C00A05820 /* coffeeshopTests.xctest */,
				2E1C52C7232C2F2C00A05820 /* coffeeshopUITests.xctest */,
			);
			name = Products;
			sourceTree = "<group>";
		};
		2E1C52A7232C2F2900A05820 /* coffeeshop */ = {
			isa = PBXGroup;
			children = (
				2EF8BA002370A3D8007C2AA8 /* Data */,
				2EC451C12368C74C00DBAB10 /* UI */,
				2ECD36CC235664E900272D91 /* ViewModel */,
				2ECD36CB235664E300272D91 /* Model */,
				2ECD36CA235664DB00272D91 /* View */,
				2E1C52DB232C368E00A05820 /* App */,
				2E1C52B2232C2F2C00A05820 /* Assets.xcassets */,
				2E1C52B4232C2F2C00A05820 /* LaunchScreen.storyboard */,
				2E1C52B7232C2F2C00A05820 /* Info.plist */,
				2E1C52AF232C2F2900A05820 /* coffeeshop.xcdatamodeld */,
			);
			path = coffeeshop;
			sourceTree = "<group>";
		};
		2E1C52BF232C2F2C00A05820 /* coffeeshopTests */ = {
			isa = PBXGroup;
			children = (
				2E1C52C0232C2F2C00A05820 /* coffeeshopTests.swift */,
				2E1C52C2232C2F2C00A05820 /* Info.plist */,
			);
			path = coffeeshopTests;
			sourceTree = "<group>";
		};
		2E1C52CA232C2F2C00A05820 /* coffeeshopUITests */ = {
			isa = PBXGroup;
			children = (
				2E1C52CB232C2F2C00A05820 /* coffeeshopUITests.swift */,
				2E1C52CD232C2F2C00A05820 /* Info.plist */,
			);
			path = coffeeshopUITests;
			sourceTree = "<group>";
		};
		2E1C52DB232C368E00A05820 /* App */ = {
			isa = PBXGroup;
			children = (
				2E1C52AA232C2F2900A05820 /* RootViewController.swift */,
				2E1C52A8232C2F2900A05820 /* AppDelegate.swift */,
			);
			path = App;
			sourceTree = "<group>";
		};
		2E4E6AA42358F96C0040D9C0 /* MenuView */ = {
			isa = PBXGroup;
			children = (
				2E4E6AA92358F9A40040D9C0 /* MenuView.swift */,
				2E4E6AA52358F9890040D9C0 /* MenuViewController.swift */,
				2E4E6AA62358F9890040D9C0 /* MenuView.xib */,
			);
			path = MenuView;
			sourceTree = "<group>";
		};
		2E865D4E23707F9A00C348EC /* SwiftUI */ = {
			isa = PBXGroup;
			children = (
				2EA33F94237080C600D37531 /* FirstPageView.swift */,
				2EF8B9FA23709C9A007C2AA8 /* CircleImage.swift */,
				2EF8B9FE23709E5E007C2AA8 /* MapView.swift */,
			);
			path = SwiftUI;
			sourceTree = "<group>";
		};
		2EC451C12368C74C00DBAB10 /* UI */ = {
			isa = PBXGroup;
			children = (
				2E865D4E23707F9A00C348EC /* SwiftUI */,
				2EC451C22368C75700DBAB10 /* Shared */,
			);
			path = UI;
			sourceTree = "<group>";
		};
		2EC451C22368C75700DBAB10 /* Shared */ = {
			isa = PBXGroup;
			children = (
				2EC451C32368C76900DBAB10 /* Cells */,
			);
			path = Shared;
			sourceTree = "<group>";
		};
		2EC451C32368C76900DBAB10 /* Cells */ = {
			isa = PBXGroup;
			children = (
				2EC451CE236932A000DBAB10 /* TableView */,
				2EC451C42368C76F00DBAB10 /* CollectionView */,
			);
			path = Cells;
			sourceTree = "<group>";
		};
		2EC451C42368C76F00DBAB10 /* CollectionView */ = {
			isa = PBXGroup;
			children = (
				2EC451CD2369328D00DBAB10 /* New Group */,
				2EC451C52368C77500DBAB10 /* StoreCollectionViewCell */,
			);
			path = CollectionView;
			sourceTree = "<group>";
		};
		2EC451C52368C77500DBAB10 /* StoreCollectionViewCell */ = {
			isa = PBXGroup;
			children = (
				2EC451C62368C79700DBAB10 /* StoreCollectionViewCell.swift */,
				2EC451C72368C79700DBAB10 /* StoreCollectionViewCell.xib */,
			);
			path = StoreCollectionViewCell;
			sourceTree = "<group>";
		};
		2EC451CD2369328D00DBAB10 /* New Group */ = {
			isa = PBXGroup;
			children = (
			);
			path = "New Group";
			sourceTree = "<group>";
		};
		2EC451CE236932A000DBAB10 /* TableView */ = {
			isa = PBXGroup;
			children = (
				2EC451CF236932AD00DBAB10 /* MenuTableViewCell */,
			);
			path = TableView;
			sourceTree = "<group>";
		};
		2EC451CF236932AD00DBAB10 /* MenuTableViewCell */ = {
			isa = PBXGroup;
			children = (
				2EC451D0236932CD00DBAB10 /* MenuTableViewCell.swift */,
				2EC451D1236932CD00DBAB10 /* MenuTableViewCell.xib */,
			);
			path = MenuTableViewCell;
			sourceTree = "<group>";
		};
		2EC70827235B65C00040A69B /* UserView */ = {
			isa = PBXGroup;
			children = (
				2EC7082F235B66940040A69B /* UserView.swift */,
				2EC7082B235B66830040A69B /* UserViewController.swift */,
				2EC7082C235B66830040A69B /* UserViewController.xib */,
			);
			path = UserView;
			sourceTree = "<group>";
		};
		2EC70828235B65D60040A69B /* OrderView */ = {
			isa = PBXGroup;
			children = (
			);
			path = OrderView;
			sourceTree = "<group>";
		};
		2ECD36CA235664DB00272D91 /* View */ = {
			isa = PBXGroup;
			children = (
				2E18506C237892BB0051D33F /* MainView */,
				2EC70828235B65D60040A69B /* OrderView */,
				2EC70827235B65C00040A69B /* UserView */,
				2E4E6AA42358F96C0040D9C0 /* MenuView */,
				2ECD36CF235669D300272D91 /* StoreView */,
				2EC451BD2368C46000DBAB10 /* HomeViewController.swift */,
				2EC451BE2368C46000DBAB10 /* HomeViewController.xib */,
			);
			path = View;
			sourceTree = "<group>";
		};
		2ECD36CB235664E300272D91 /* Model */ = {
			isa = PBXGroup;
			children = (
				2ECD36D823579D9600272D91 /* StoreModel.swift */,
				2ECD36DA2358F46E00272D91 /* MenuModel.swift */,
				2ECD36DC2358F47800272D91 /* UserModel.swift */,
				2ECD36DE2358F48D00272D91 /* OrderModel.swift */,
				2EC451CB2369317C00DBAB10 /* Product.swift */,
			);
			path = Model;
			sourceTree = "<group>";
		};
		2ECD36CC235664E900272D91 /* ViewModel */ = {
			isa = PBXGroup;
			children = (
				2ECD36D623579D8900272D91 /* StoreViewModel.swift */,
			);
			path = ViewModel;
			sourceTree = "<group>";
		};
		2ECD36CF235669D300272D91 /* StoreView */ = {
			isa = PBXGroup;
			children = (
				2EC70829235B66160040A69B /* StoresView.swift */,
				2ECD36D0235669E900272D91 /* StoresViewController.swift */,
				2ECD36D1235669E900272D91 /* StoresViewController.xib */,
			);
			path = StoreView;
			sourceTree = "<group>";
		};
		2EF8BA002370A3D8007C2AA8 /* Data */ = {
			isa = PBXGroup;
			children = (
				2EF8BA012370A412007C2AA8 /* storesInfo.json */,
			);
			path = Data;
			sourceTree = "<group>";
		};
		E5A0C2D9977E6C32A084FA23 /* Pods */ = {
			isa = PBXGroup;
			children = (
				9B4CAD20DB2A07973498106C /* Pods-coffeeshop.debug.xcconfig */,
				3E0B19C17AFBC913E7BD05E3 /* Pods-coffeeshop.release.xcconfig */,
				DD38A563AFDDCF5F1AF1E76A /* Pods-coffeeshopTests.debug.xcconfig */,
				1DB73EF0581A437AA755B1ED /* Pods-coffeeshopTests.release.xcconfig */,
				F4D38068032742A95BD767BC /* Pods-coffeeshopUITests.debug.xcconfig */,
				DD02FBA4D8766B3EC35228CB /* Pods-coffeeshopUITests.release.xcconfig */,
			);
			path = Pods;
			sourceTree = "<group>";
		};
/* End PBXGroup section */

/* Begin PBXNativeTarget section */
		2E1C52A4232C2F2800A05820 /* coffeeshop */ = {
			isa = PBXNativeTarget;
			buildConfigurationList = 2E1C52D0232C2F2C00A05820 /* Build configuration list for PBXNativeTarget "coffeeshop" */;
			buildPhases = (
				9512F54B32472706EC3A7367 /* [CP] Check Pods Manifest.lock */,
				2E1C52A1232C2F2800A05820 /* Sources */,
				2E1C52A2232C2F2800A05820 /* Frameworks */,
				2E1C52A3232C2F2800A05820 /* Resources */,
				E50B848CE1070B6404B2E9AE /* [CP] Embed Pods Frameworks */,
				2E7503F9235E52B90064A2C2 /* SwiftLint */,
			);
			buildRules = (
			);
			dependencies = (
			);
			name = coffeeshop;
			productName = coffeeshop;
			productReference = 2E1C52A5232C2F2900A05820 /* coffeeshop.app */;
			productType = "com.apple.product-type.application";
		};
		2E1C52BB232C2F2C00A05820 /* coffeeshopTests */ = {
			isa = PBXNativeTarget;
			buildConfigurationList = 2E1C52D3232C2F2C00A05820 /* Build configuration list for PBXNativeTarget "coffeeshopTests" */;
			buildPhases = (
				C075922E68D3105D4C01C0D2 /* [CP] Check Pods Manifest.lock */,
				2E1C52B8232C2F2C00A05820 /* Sources */,
				2E1C52B9232C2F2C00A05820 /* Frameworks */,
				2E1C52BA232C2F2C00A05820 /* Resources */,
			);
			buildRules = (
			);
			dependencies = (
				2E1C52BE232C2F2C00A05820 /* PBXTargetDependency */,
			);
			name = coffeeshopTests;
			productName = coffeeshopTests;
			productReference = 2E1C52BC232C2F2C00A05820 /* coffeeshopTests.xctest */;
			productType = "com.apple.product-type.bundle.unit-test";
		};
		2E1C52C6232C2F2C00A05820 /* coffeeshopUITests */ = {
			isa = PBXNativeTarget;
			buildConfigurationList = 2E1C52D6232C2F2C00A05820 /* Build configuration list for PBXNativeTarget "coffeeshopUITests" */;
			buildPhases = (
				24B24978671E34BE77237055 /* [CP] Check Pods Manifest.lock */,
				2E1C52C3232C2F2C00A05820 /* Sources */,
				2E1C52C4232C2F2C00A05820 /* Frameworks */,
				2E1C52C5232C2F2C00A05820 /* Resources */,
			);
			buildRules = (
			);
			dependencies = (
				2E1C52C9232C2F2C00A05820 /* PBXTargetDependency */,
			);
			name = coffeeshopUITests;
			productName = coffeeshopUITests;
			productReference = 2E1C52C7232C2F2C00A05820 /* coffeeshopUITests.xctest */;
			productType = "com.apple.product-type.bundle.ui-testing";
		};
/* End PBXNativeTarget section */

/* Begin PBXProject section */
		2E1C529D232C2F2800A05820 /* Project object */ = {
			isa = PBXProject;
			attributes = {
				LastSwiftUpdateCheck = 1030;
				LastUpgradeCheck = 1030;
				ORGANIZATIONNAME = "Roman Guseynov";
				TargetAttributes = {
					2E1C52A4232C2F2800A05820 = {
						CreatedOnToolsVersion = 10.3;
					};
					2E1C52BB232C2F2C00A05820 = {
						CreatedOnToolsVersion = 10.3;
						TestTargetID = 2E1C52A4232C2F2800A05820;
					};
					2E1C52C6232C2F2C00A05820 = {
						CreatedOnToolsVersion = 10.3;
						TestTargetID = 2E1C52A4232C2F2800A05820;
					};
				};
			};
			buildConfigurationList = 2E1C52A0232C2F2800A05820 /* Build configuration list for PBXProject "coffeeshop" */;
			compatibilityVersion = "Xcode 9.3";
			developmentRegion = en;
			hasScannedForEncodings = 0;
			knownRegions = (
				en,
				Base,
			);
			mainGroup = 2E1C529C232C2F2800A05820;
			productRefGroup = 2E1C52A6232C2F2900A05820 /* Products */;
			projectDirPath = "";
			projectRoot = "";
			targets = (
				2E1C52A4232C2F2800A05820 /* coffeeshop */,
				2E1C52BB232C2F2C00A05820 /* coffeeshopTests */,
				2E1C52C6232C2F2C00A05820 /* coffeeshopUITests */,
			);
		};
/* End PBXProject section */

/* Begin PBXResourcesBuildPhase section */
		2E1C52A3232C2F2800A05820 /* Resources */ = {
			isa = PBXResourcesBuildPhase;
			buildActionMask = 2147483647;
			files = (
				2E1C52B6232C2F2C00A05820 /* LaunchScreen.storyboard in Resources */,
				2EC7082E235B66830040A69B /* UserViewController.xib in Resources */,
				2ECD36D3235669E900272D91 /* StoresViewController.xib in Resources */,
				2E1C52B3232C2F2C00A05820 /* Assets.xcassets in Resources */,
				2E4E6AA82358F9890040D9C0 /* MenuView.xib in Resources */,
				2EC451C92368C79700DBAB10 /* StoreCollectionViewCell.xib in Resources */,
				2EC451D3236932CD00DBAB10 /* MenuTableViewCell.xib in Resources */,
				2E185076237893550051D33F /* MainView.xib in Resources */,
				2EC451C02368C46000DBAB10 /* HomeViewController.xib in Resources */,
				2EF8BA022370A412007C2AA8 /* storesInfo.json in Resources */,
			);
			runOnlyForDeploymentPostprocessing = 0;
		};
		2E1C52BA232C2F2C00A05820 /* Resources */ = {
			isa = PBXResourcesBuildPhase;
			buildActionMask = 2147483647;
			files = (
			);
			runOnlyForDeploymentPostprocessing = 0;
		};
		2E1C52C5232C2F2C00A05820 /* Resources */ = {
			isa = PBXResourcesBuildPhase;
			buildActionMask = 2147483647;
			files = (
			);
			runOnlyForDeploymentPostprocessing = 0;
		};
/* End PBXResourcesBuildPhase section */

/* Begin PBXShellScriptBuildPhase section */
		24B24978671E34BE77237055 /* [CP] Check Pods Manifest.lock */ = {
			isa = PBXShellScriptBuildPhase;
			buildActionMask = 2147483647;
			files = (
			);
			inputFileListPaths = (
			);
			inputPaths = (
				"${PODS_PODFILE_DIR_PATH}/Podfile.lock",
				"${PODS_ROOT}/Manifest.lock",
			);
			name = "[CP] Check Pods Manifest.lock";
			outputFileListPaths = (
			);
			outputPaths = (
				"$(DERIVED_FILE_DIR)/Pods-coffeeshopUITests-checkManifestLockResult.txt",
			);
			runOnlyForDeploymentPostprocessing = 0;
			shellPath = /bin/sh;
			shellScript = "diff \"${PODS_PODFILE_DIR_PATH}/Podfile.lock\" \"${PODS_ROOT}/Manifest.lock\" > /dev/null\nif [ $? != 0 ] ; then\n    # print error to STDERR\n    echo \"error: The sandbox is not in sync with the Podfile.lock. Run 'pod install' or update your CocoaPods installation.\" >&2\n    exit 1\nfi\n# This output is used by Xcode 'outputs' to avoid re-running this script phase.\necho \"SUCCESS\" > \"${SCRIPT_OUTPUT_FILE_0}\"\n";
			showEnvVarsInLog = 0;
		};
		2E7503F9235E52B90064A2C2 /* SwiftLint */ = {
			isa = PBXShellScriptBuildPhase;
			buildActionMask = 2147483647;
			files = (
			);
			inputFileListPaths = (
			);
			inputPaths = (
			);
			name = SwiftLint;
			outputFileListPaths = (
			);
			outputPaths = (
			);
			runOnlyForDeploymentPostprocessing = 0;
			shellPath = /bin/sh;
			shellScript = "if which swiftlint >/dev/null; then\n  swiftlint\nelse\n  echo \"warning: SwiftLint not installed, download from https://github.com/realm/SwiftLint\"\nfi\n";
		};
		9512F54B32472706EC3A7367 /* [CP] Check Pods Manifest.lock */ = {
			isa = PBXShellScriptBuildPhase;
			buildActionMask = 2147483647;
			files = (
			);
			inputFileListPaths = (
			);
			inputPaths = (
				"${PODS_PODFILE_DIR_PATH}/Podfile.lock",
				"${PODS_ROOT}/Manifest.lock",
			);
			name = "[CP] Check Pods Manifest.lock";
			outputFileListPaths = (
			);
			outputPaths = (
				"$(DERIVED_FILE_DIR)/Pods-coffeeshop-checkManifestLockResult.txt",
			);
			runOnlyForDeploymentPostprocessing = 0;
			shellPath = /bin/sh;
			shellScript = "diff \"${PODS_PODFILE_DIR_PATH}/Podfile.lock\" \"${PODS_ROOT}/Manifest.lock\" > /dev/null\nif [ $? != 0 ] ; then\n    # print error to STDERR\n    echo \"error: The sandbox is not in sync with the Podfile.lock. Run 'pod install' or update your CocoaPods installation.\" >&2\n    exit 1\nfi\n# This output is used by Xcode 'outputs' to avoid re-running this script phase.\necho \"SUCCESS\" > \"${SCRIPT_OUTPUT_FILE_0}\"\n";
			showEnvVarsInLog = 0;
		};
		C075922E68D3105D4C01C0D2 /* [CP] Check Pods Manifest.lock */ = {
			isa = PBXShellScriptBuildPhase;
			buildActionMask = 2147483647;
			files = (
			);
			inputFileListPaths = (
			);
			inputPaths = (
				"${PODS_PODFILE_DIR_PATH}/Podfile.lock",
				"${PODS_ROOT}/Manifest.lock",
			);
			name = "[CP] Check Pods Manifest.lock";
			outputFileListPaths = (
			);
			outputPaths = (
				"$(DERIVED_FILE_DIR)/Pods-coffeeshopTests-checkManifestLockResult.txt",
			);
			runOnlyForDeploymentPostprocessing = 0;
			shellPath = /bin/sh;
			shellScript = "diff \"${PODS_PODFILE_DIR_PATH}/Podfile.lock\" \"${PODS_ROOT}/Manifest.lock\" > /dev/null\nif [ $? != 0 ] ; then\n    # print error to STDERR\n    echo \"error: The sandbox is not in sync with the Podfile.lock. Run 'pod install' or update your CocoaPods installation.\" >&2\n    exit 1\nfi\n# This output is used by Xcode 'outputs' to avoid re-running this script phase.\necho \"SUCCESS\" > \"${SCRIPT_OUTPUT_FILE_0}\"\n";
			showEnvVarsInLog = 0;
		};
		E50B848CE1070B6404B2E9AE /* [CP] Embed Pods Frameworks */ = {
			isa = PBXShellScriptBuildPhase;
			buildActionMask = 2147483647;
			files = (
			);
			inputFileListPaths = (
				"${PODS_ROOT}/Target Support Files/Pods-coffeeshop/Pods-coffeeshop-frameworks-${CONFIGURATION}-input-files.xcfilelist",
			);
			name = "[CP] Embed Pods Frameworks";
			outputFileListPaths = (
				"${PODS_ROOT}/Target Support Files/Pods-coffeeshop/Pods-coffeeshop-frameworks-${CONFIGURATION}-output-files.xcfilelist",
			);
			runOnlyForDeploymentPostprocessing = 0;
			shellPath = /bin/sh;
			shellScript = "\"${PODS_ROOT}/Target Support Files/Pods-coffeeshop/Pods-coffeeshop-frameworks.sh\"\n";
			showEnvVarsInLog = 0;
		};
/* End PBXShellScriptBuildPhase section */

/* Begin PBXSourcesBuildPhase section */
		2E1C52A1232C2F2800A05820 /* Sources */ = {
			isa = PBXSourcesBuildPhase;
			buildActionMask = 2147483647;
			files = (
				2ECD36D2235669E900272D91 /* StoresViewController.swift in Sources */,
				2E185075237893550051D33F /* MainViewController.swift in Sources */,
				2E4E6AA72358F9890040D9C0 /* MenuViewController.swift in Sources */,
				2EC7082D235B66830040A69B /* UserViewController.swift in Sources */,
				2ECD36DF2358F48D00272D91 /* OrderModel.swift in Sources */,
				2E1C52B1232C2F2900A05820 /* coffeeshop.xcdatamodeld in Sources */,
				2EA33F95237080C600D37531 /* FirstPageView.swift in Sources */,
				2EC451CC2369317C00DBAB10 /* Product.swift in Sources */,
				2E18506E237892DC0051D33F /* MainView.swift in Sources */,
				2EF8B9FF23709E5E007C2AA8 /* MapView.swift in Sources */,
				2EC451BF2368C46000DBAB10 /* HomeViewController.swift in Sources */,
				2ECD36DD2358F47800272D91 /* UserModel.swift in Sources */,
				2EF8B9FB23709C9A007C2AA8 /* CircleImage.swift in Sources */,
				2E1C52AB232C2F2900A05820 /* RootViewController.swift in Sources */,
				2EC451C82368C79700DBAB10 /* StoreCollectionViewCell.swift in Sources */,
				2EC7082A235B66160040A69B /* StoresView.swift in Sources */,
				2ECD36DB2358F46E00272D91 /* MenuModel.swift in Sources */,
				2E4E6AAA2358F9A40040D9C0 /* MenuView.swift in Sources */,
				2ECD36D723579D8900272D91 /* StoreViewModel.swift in Sources */,
				2EC451D2236932CD00DBAB10 /* MenuTableViewCell.swift in Sources */,
				2E1C52A9232C2F2900A05820 /* AppDelegate.swift in Sources */,
				2ECD36D923579D9600272D91 /* StoreModel.swift in Sources */,
				2EC70830235B66940040A69B /* UserView.swift in Sources */,
			);
			runOnlyForDeploymentPostprocessing = 0;
		};
		2E1C52B8232C2F2C00A05820 /* Sources */ = {
			isa = PBXSourcesBuildPhase;
			buildActionMask = 2147483647;
			files = (
				2E1C52C1232C2F2C00A05820 /* coffeeshopTests.swift in Sources */,
			);
			runOnlyForDeploymentPostprocessing = 0;
		};
		2E1C52C3232C2F2C00A05820 /* Sources */ = {
			isa = PBXSourcesBuildPhase;
			buildActionMask = 2147483647;
			files = (
				2E1C52CC232C2F2C00A05820 /* coffeeshopUITests.swift in Sources */,
			);
			runOnlyForDeploymentPostprocessing = 0;
		};
/* End PBXSourcesBuildPhase section */

/* Begin PBXTargetDependency section */
		2E1C52BE232C2F2C00A05820 /* PBXTargetDependency */ = {
			isa = PBXTargetDependency;
			target = 2E1C52A4232C2F2800A05820 /* coffeeshop */;
			targetProxy = 2E1C52BD232C2F2C00A05820 /* PBXContainerItemProxy */;
		};
		2E1C52C9232C2F2C00A05820 /* PBXTargetDependency */ = {
			isa = PBXTargetDependency;
			target = 2E1C52A4232C2F2800A05820 /* coffeeshop */;
			targetProxy = 2E1C52C8232C2F2C00A05820 /* PBXContainerItemProxy */;
		};
/* End PBXTargetDependency section */

/* Begin PBXVariantGroup section */
		2E1C52B4232C2F2C00A05820 /* LaunchScreen.storyboard */ = {
			isa = PBXVariantGroup;
			children = (
				2E1C52B5232C2F2C00A05820 /* Base */,
			);
			name = LaunchScreen.storyboard;
			sourceTree = "<group>";
		};
/* End PBXVariantGroup section */

/* Begin XCBuildConfiguration section */
		2E1C52CE232C2F2C00A05820 /* Debug */ = {
			isa = XCBuildConfiguration;
			buildSettings = {
				ALWAYS_SEARCH_USER_PATHS = NO;
				CLANG_ANALYZER_NONNULL = YES;
				CLANG_ANALYZER_NUMBER_OBJECT_CONVERSION = YES_AGGRESSIVE;
				CLANG_CXX_LANGUAGE_STANDARD = "gnu++14";
				CLANG_CXX_LIBRARY = "libc++";
				CLANG_ENABLE_MODULES = YES;
				CLANG_ENABLE_OBJC_ARC = YES;
				CLANG_ENABLE_OBJC_WEAK = YES;
				CLANG_WARN_BLOCK_CAPTURE_AUTORELEASING = YES;
				CLANG_WARN_BOOL_CONVERSION = YES;
				CLANG_WARN_COMMA = YES;
				CLANG_WARN_CONSTANT_CONVERSION = YES;
				CLANG_WARN_DEPRECATED_OBJC_IMPLEMENTATIONS = YES;
				CLANG_WARN_DIRECT_OBJC_ISA_USAGE = YES_ERROR;
				CLANG_WARN_DOCUMENTATION_COMMENTS = YES;
				CLANG_WARN_EMPTY_BODY = YES;
				CLANG_WARN_ENUM_CONVERSION = YES;
				CLANG_WARN_INFINITE_RECURSION = YES;
				CLANG_WARN_INT_CONVERSION = YES;
				CLANG_WARN_NON_LITERAL_NULL_CONVERSION = YES;
				CLANG_WARN_OBJC_IMPLICIT_RETAIN_SELF = YES;
				CLANG_WARN_OBJC_LITERAL_CONVERSION = YES;
				CLANG_WARN_OBJC_ROOT_CLASS = YES_ERROR;
				CLANG_WARN_RANGE_LOOP_ANALYSIS = YES;
				CLANG_WARN_STRICT_PROTOTYPES = YES;
				CLANG_WARN_SUSPICIOUS_MOVE = YES;
				CLANG_WARN_UNGUARDED_AVAILABILITY = YES_AGGRESSIVE;
				CLANG_WARN_UNREACHABLE_CODE = YES;
				CLANG_WARN__DUPLICATE_METHOD_MATCH = YES;
				CODE_SIGN_IDENTITY = "iPhone Developer";
				COPY_PHASE_STRIP = NO;
				DEBUG_INFORMATION_FORMAT = dwarf;
				ENABLE_STRICT_OBJC_MSGSEND = YES;
				ENABLE_TESTABILITY = YES;
				GCC_C_LANGUAGE_STANDARD = gnu11;
				GCC_DYNAMIC_NO_PIC = NO;
				GCC_NO_COMMON_BLOCKS = YES;
				GCC_OPTIMIZATION_LEVEL = 0;
				GCC_PREPROCESSOR_DEFINITIONS = (
					"DEBUG=1",
					"$(inherited)",
				);
				GCC_WARN_64_TO_32_BIT_CONVERSION = YES;
				GCC_WARN_ABOUT_RETURN_TYPE = YES_ERROR;
				GCC_WARN_UNDECLARED_SELECTOR = YES;
				GCC_WARN_UNINITIALIZED_AUTOS = YES_AGGRESSIVE;
				GCC_WARN_UNUSED_FUNCTION = YES;
				GCC_WARN_UNUSED_VARIABLE = YES;
				IPHONEOS_DEPLOYMENT_TARGET = 13.0;
				MTL_ENABLE_DEBUG_INFO = INCLUDE_SOURCE;
				MTL_FAST_MATH = YES;
				ONLY_ACTIVE_ARCH = YES;
				SDKROOT = iphoneos;
				SWIFT_ACTIVE_COMPILATION_CONDITIONS = DEBUG;
				SWIFT_OPTIMIZATION_LEVEL = "-Onone";
			};
			name = Debug;
		};
		2E1C52CF232C2F2C00A05820 /* Release */ = {
			isa = XCBuildConfiguration;
			buildSettings = {
				ALWAYS_SEARCH_USER_PATHS = NO;
				CLANG_ANALYZER_NONNULL = YES;
				CLANG_ANALYZER_NUMBER_OBJECT_CONVERSION = YES_AGGRESSIVE;
				CLANG_CXX_LANGUAGE_STANDARD = "gnu++14";
				CLANG_CXX_LIBRARY = "libc++";
				CLANG_ENABLE_MODULES = YES;
				CLANG_ENABLE_OBJC_ARC = YES;
				CLANG_ENABLE_OBJC_WEAK = YES;
				CLANG_WARN_BLOCK_CAPTURE_AUTORELEASING = YES;
				CLANG_WARN_BOOL_CONVERSION = YES;
				CLANG_WARN_COMMA = YES;
				CLANG_WARN_CONSTANT_CONVERSION = YES;
				CLANG_WARN_DEPRECATED_OBJC_IMPLEMENTATIONS = YES;
				CLANG_WARN_DIRECT_OBJC_ISA_USAGE = YES_ERROR;
				CLANG_WARN_DOCUMENTATION_COMMENTS = YES;
				CLANG_WARN_EMPTY_BODY = YES;
				CLANG_WARN_ENUM_CONVERSION = YES;
				CLANG_WARN_INFINITE_RECURSION = YES;
				CLANG_WARN_INT_CONVERSION = YES;
				CLANG_WARN_NON_LITERAL_NULL_CONVERSION = YES;
				CLANG_WARN_OBJC_IMPLICIT_RETAIN_SELF = YES;
				CLANG_WARN_OBJC_LITERAL_CONVERSION = YES;
				CLANG_WARN_OBJC_ROOT_CLASS = YES_ERROR;
				CLANG_WARN_RANGE_LOOP_ANALYSIS = YES;
				CLANG_WARN_STRICT_PROTOTYPES = YES;
				CLANG_WARN_SUSPICIOUS_MOVE = YES;
				CLANG_WARN_UNGUARDED_AVAILABILITY = YES_AGGRESSIVE;
				CLANG_WARN_UNREACHABLE_CODE = YES;
				CLANG_WARN__DUPLICATE_METHOD_MATCH = YES;
				CODE_SIGN_IDENTITY = "iPhone Developer";
				COPY_PHASE_STRIP = NO;
				DEBUG_INFORMATION_FORMAT = "dwarf-with-dsym";
				ENABLE_NS_ASSERTIONS = NO;
				ENABLE_STRICT_OBJC_MSGSEND = YES;
				GCC_C_LANGUAGE_STANDARD = gnu11;
				GCC_NO_COMMON_BLOCKS = YES;
				GCC_WARN_64_TO_32_BIT_CONVERSION = YES;
				GCC_WARN_ABOUT_RETURN_TYPE = YES_ERROR;
				GCC_WARN_UNDECLARED_SELECTOR = YES;
				GCC_WARN_UNINITIALIZED_AUTOS = YES_AGGRESSIVE;
				GCC_WARN_UNUSED_FUNCTION = YES;
				GCC_WARN_UNUSED_VARIABLE = YES;
				IPHONEOS_DEPLOYMENT_TARGET = 13.0;
				MTL_ENABLE_DEBUG_INFO = NO;
				MTL_FAST_MATH = YES;
				SDKROOT = iphoneos;
				SWIFT_COMPILATION_MODE = wholemodule;
				SWIFT_OPTIMIZATION_LEVEL = "-O";
				VALIDATE_PRODUCT = YES;
			};
			name = Release;
		};
		2E1C52D1232C2F2C00A05820 /* Debug */ = {
			isa = XCBuildConfiguration;
			baseConfigurationReference = 9B4CAD20DB2A07973498106C /* Pods-coffeeshop.debug.xcconfig */;
			buildSettings = {
				ASSETCATALOG_COMPILER_APPICON_NAME = AppIcon;
				CODE_SIGN_STYLE = Automatic;
				DEVELOPMENT_TEAM = WSRUWJK48Z;
				INFOPLIST_FILE = coffeeshop/Info.plist;
				IPHONEOS_DEPLOYMENT_TARGET = 13.0;
				LD_RUNPATH_SEARCH_PATHS = (
					"$(inherited)",
					"@executable_path/Frameworks",
				);
				PRODUCT_BUNDLE_IDENTIFIER = org.guseynov.technologies.coffeeshop;
				PRODUCT_NAME = "$(TARGET_NAME)";
				SWIFT_VERSION = 5.0;
				TARGETED_DEVICE_FAMILY = 1;
			};
			name = Debug;
		};
		2E1C52D2232C2F2C00A05820 /* Release */ = {
			isa = XCBuildConfiguration;
			baseConfigurationReference = 3E0B19C17AFBC913E7BD05E3 /* Pods-coffeeshop.release.xcconfig */;
			buildSettings = {
				ASSETCATALOG_COMPILER_APPICON_NAME = AppIcon;
				CODE_SIGN_STYLE = Automatic;
				DEVELOPMENT_TEAM = WSRUWJK48Z;
				INFOPLIST_FILE = coffeeshop/Info.plist;
				IPHONEOS_DEPLOYMENT_TARGET = 13.0;
				LD_RUNPATH_SEARCH_PATHS = (
					"$(inherited)",
					"@executable_path/Frameworks",
				);
				PRODUCT_BUNDLE_IDENTIFIER = org.guseynov.technologies.coffeeshop;
				PRODUCT_NAME = "$(TARGET_NAME)";
				SWIFT_VERSION = 5.0;
				TARGETED_DEVICE_FAMILY = 1;
			};
			name = Release;
		};
		2E1C52D4232C2F2C00A05820 /* Debug */ = {
			isa = XCBuildConfiguration;
			baseConfigurationReference = DD38A563AFDDCF5F1AF1E76A /* Pods-coffeeshopTests.debug.xcconfig */;
			buildSettings = {
				ALWAYS_EMBED_SWIFT_STANDARD_LIBRARIES = YES;
				BUNDLE_LOADER = "$(TEST_HOST)";
				CODE_SIGN_STYLE = Automatic;
				DEVELOPMENT_TEAM = WSRUWJK48Z;
				INFOPLIST_FILE = coffeeshopTests/Info.plist;
				LD_RUNPATH_SEARCH_PATHS = (
					"$(inherited)",
					"@executable_path/Frameworks",
					"@loader_path/Frameworks",
				);
				PRODUCT_BUNDLE_IDENTIFIER = org.guseynov.technologies.coffeeshopTests;
				PRODUCT_NAME = "$(TARGET_NAME)";
				SWIFT_VERSION = 5.0;
				TARGETED_DEVICE_FAMILY = "1,2";
				TEST_HOST = "$(BUILT_PRODUCTS_DIR)/coffeeshop.app/coffeeshop";
			};
			name = Debug;
		};
		2E1C52D5232C2F2C00A05820 /* Release */ = {
			isa = XCBuildConfiguration;
			baseConfigurationReference = 1DB73EF0581A437AA755B1ED /* Pods-coffeeshopTests.release.xcconfig */;
			buildSettings = {
				ALWAYS_EMBED_SWIFT_STANDARD_LIBRARIES = YES;
				BUNDLE_LOADER = "$(TEST_HOST)";
				CODE_SIGN_STYLE = Automatic;
				DEVELOPMENT_TEAM = WSRUWJK48Z;
				INFOPLIST_FILE = coffeeshopTests/Info.plist;
				LD_RUNPATH_SEARCH_PATHS = (
					"$(inherited)",
					"@executable_path/Frameworks",
					"@loader_path/Frameworks",
				);
				PRODUCT_BUNDLE_IDENTIFIER = org.guseynov.technologies.coffeeshopTests;
				PRODUCT_NAME = "$(TARGET_NAME)";
				SWIFT_VERSION = 5.0;
				TARGETED_DEVICE_FAMILY = "1,2";
				TEST_HOST = "$(BUILT_PRODUCTS_DIR)/coffeeshop.app/coffeeshop";
			};
			name = Release;
		};
		2E1C52D7232C2F2C00A05820 /* Debug */ = {
			isa = XCBuildConfiguration;
			baseConfigurationReference = F4D38068032742A95BD767BC /* Pods-coffeeshopUITests.debug.xcconfig */;
			buildSettings = {
				ALWAYS_EMBED_SWIFT_STANDARD_LIBRARIES = YES;
				CODE_SIGN_STYLE = Automatic;
				DEVELOPMENT_TEAM = WSRUWJK48Z;
				INFOPLIST_FILE = coffeeshopUITests/Info.plist;
				LD_RUNPATH_SEARCH_PATHS = (
					"$(inherited)",
					"@executable_path/Frameworks",
					"@loader_path/Frameworks",
				);
				PRODUCT_BUNDLE_IDENTIFIER = org.guseynov.technologies.coffeeshopUITests;
				PRODUCT_NAME = "$(TARGET_NAME)";
				SWIFT_VERSION = 5.0;
				TARGETED_DEVICE_FAMILY = "1,2";
				TEST_TARGET_NAME = coffeeshop;
			};
			name = Debug;
		};
		2E1C52D8232C2F2C00A05820 /* Release */ = {
			isa = XCBuildConfiguration;
			baseConfigurationReference = DD02FBA4D8766B3EC35228CB /* Pods-coffeeshopUITests.release.xcconfig */;
			buildSettings = {
				ALWAYS_EMBED_SWIFT_STANDARD_LIBRARIES = YES;
				CODE_SIGN_STYLE = Automatic;
				DEVELOPMENT_TEAM = WSRUWJK48Z;
				INFOPLIST_FILE = coffeeshopUITests/Info.plist;
				LD_RUNPATH_SEARCH_PATHS = (
					"$(inherited)",
					"@executable_path/Frameworks",
					"@loader_path/Frameworks",
				);
				PRODUCT_BUNDLE_IDENTIFIER = org.guseynov.technologies.coffeeshopUITests;
				PRODUCT_NAME = "$(TARGET_NAME)";
				SWIFT_VERSION = 5.0;
				TARGETED_DEVICE_FAMILY = "1,2";
				TEST_TARGET_NAME = coffeeshop;
			};
			name = Release;
		};
/* End XCBuildConfiguration section */

/* Begin XCConfigurationList section */
		2E1C52A0232C2F2800A05820 /* Build configuration list for PBXProject "coffeeshop" */ = {
			isa = XCConfigurationList;
			buildConfigurations = (
				2E1C52CE232C2F2C00A05820 /* Debug */,
				2E1C52CF232C2F2C00A05820 /* Release */,
			);
			defaultConfigurationIsVisible = 0;
			defaultConfigurationName = Release;
		};
		2E1C52D0232C2F2C00A05820 /* Build configuration list for PBXNativeTarget "coffeeshop" */ = {
			isa = XCConfigurationList;
			buildConfigurations = (
				2E1C52D1232C2F2C00A05820 /* Debug */,
				2E1C52D2232C2F2C00A05820 /* Release */,
			);
			defaultConfigurationIsVisible = 0;
			defaultConfigurationName = Release;
		};
		2E1C52D3232C2F2C00A05820 /* Build configuration list for PBXNativeTarget "coffeeshopTests" */ = {
			isa = XCConfigurationList;
			buildConfigurations = (
				2E1C52D4232C2F2C00A05820 /* Debug */,
				2E1C52D5232C2F2C00A05820 /* Release */,
			);
			defaultConfigurationIsVisible = 0;
			defaultConfigurationName = Release;
		};
		2E1C52D6232C2F2C00A05820 /* Build configuration list for PBXNativeTarget "coffeeshopUITests" */ = {
			isa = XCConfigurationList;
			buildConfigurations = (
				2E1C52D7232C2F2C00A05820 /* Debug */,
				2E1C52D8232C2F2C00A05820 /* Release */,
			);
			defaultConfigurationIsVisible = 0;
			defaultConfigurationName = Release;
		};
/* End XCConfigurationList section */

/* Begin XCVersionGroup section */
		2E1C52AF232C2F2900A05820 /* coffeeshop.xcdatamodeld */ = {
			isa = XCVersionGroup;
			children = (
				2E1C52B0232C2F2900A05820 /* coffeeshop.xcdatamodel */,
			);
			currentVersion = 2E1C52B0232C2F2900A05820 /* coffeeshop.xcdatamodel */;
			path = coffeeshop.xcdatamodeld;
			sourceTree = "<group>";
			versionGroupType = wrapper.xcdatamodel;
		};
/* End XCVersionGroup section */
	};
	rootObject = 2E1C529D232C2F2800A05820 /* Project object */;
}
