// !$*UTF8*$!
{
	archiveVersion = 1;
	classes = {
	};
	objectVersion = 50;
	objects = {

/* Begin PBXBuildFile section */
		2E1C52A9232C2F2900A05820 /* AppDelegate.swift in Sources */ = {isa = PBXBuildFile; fileRef = 2E1C52A8232C2F2900A05820 /* AppDelegate.swift */; };
		2E1C52AB232C2F2900A05820 /* RootViewController.swift in Sources */ = {isa = PBXBuildFile; fileRef = 2E1C52AA232C2F2900A05820 /* RootViewController.swift */; };
		2E1C52B1232C2F2900A05820 /* coffeeshop.xcdatamodeld in Sources */ = {isa = PBXBuildFile; fileRef = 2E1C52AF232C2F2900A05820 /* coffeeshop.xcdatamodeld */; };
		2E1C52B3232C2F2C00A05820 /* Assets.xcassets in Resources */ = {isa = PBXBuildFile; fileRef = 2E1C52B2232C2F2C00A05820 /* Assets.xcassets */; };
		2E1C52B6232C2F2C00A05820 /* LaunchScreen.storyboard in Resources */ = {isa = PBXBuildFile; fileRef = 2E1C52B4232C2F2C00A05820 /* LaunchScreen.storyboard */; };
		2E1C52C1232C2F2C00A05820 /* coffeeshopTests.swift in Sources */ = {isa = PBXBuildFile; fileRef = 2E1C52C0232C2F2C00A05820 /* coffeeshopTests.swift */; };
		2E1C52CC232C2F2C00A05820 /* coffeeshopUITests.swift in Sources */ = {isa = PBXBuildFile; fileRef = 2E1C52CB232C2F2C00A05820 /* coffeeshopUITests.swift */; };
		2E1C52E1232C387100A05820 /* MainViewController.swift in Sources */ = {isa = PBXBuildFile; fileRef = 2E1C52DF232C387100A05820 /* MainViewController.swift */; };
		2E1C52E2232C387100A05820 /* MainViewController.xib in Resources */ = {isa = PBXBuildFile; fileRef = 2E1C52E0232C387100A05820 /* MainViewController.xib */; };
		2E8FEC31234D319500FD9F50 /* StorePointResponse.swift in Sources */ = {isa = PBXBuildFile; fileRef = 2E8FEC30234D319500FD9F50 /* StorePointResponse.swift */; };
		2E8FEC33234D31A500FD9F50 /* StorePointViewModel.swift in Sources */ = {isa = PBXBuildFile; fileRef = 2E8FEC32234D31A500FD9F50 /* StorePointViewModel.swift */; };
/* End PBXBuildFile section */

/* Begin PBXContainerItemProxy section */
		2E1C52BD232C2F2C00A05820 /* PBXContainerItemProxy */ = {
			isa = PBXContainerItemProxy;
			containerPortal = 2E1C529D232C2F2800A05820 /* Project object */;
			proxyType = 1;
			remoteGlobalIDString = 2E1C52A4232C2F2800A05820;
			remoteInfo = coffeeshop;
		};
		2E1C52C8232C2F2C00A05820 /* PBXContainerItemProxy */ = {
			isa = PBXContainerItemProxy;
			containerPortal = 2E1C529D232C2F2800A05820 /* Project object */;
			proxyType = 1;
			remoteGlobalIDString = 2E1C52A4232C2F2800A05820;
			remoteInfo = coffeeshop;
		};
/* End PBXContainerItemProxy section */

/* Begin PBXFileReference section */
		2E1C52A5232C2F2900A05820 /* coffeeshop.app */ = {isa = PBXFileReference; explicitFileType = wrapper.application; includeInIndex = 0; path = coffeeshop.app; sourceTree = BUILT_PRODUCTS_DIR; };
		2E1C52A8232C2F2900A05820 /* AppDelegate.swift */ = {isa = PBXFileReference; lastKnownFileType = sourcecode.swift; path = AppDelegate.swift; sourceTree = "<group>"; };
		2E1C52AA232C2F2900A05820 /* RootViewController.swift */ = {isa = PBXFileReference; lastKnownFileType = sourcecode.swift; path = RootViewController.swift; sourceTree = "<group>"; };
		2E1C52B0232C2F2900A05820 /* coffeeshop.xcdatamodel */ = {isa = PBXFileReference; lastKnownFileType = wrapper.xcdatamodel; path = coffeeshop.xcdatamodel; sourceTree = "<group>"; };
		2E1C52B2232C2F2C00A05820 /* Assets.xcassets */ = {isa = PBXFileReference; lastKnownFileType = folder.assetcatalog; path = Assets.xcassets; sourceTree = "<group>"; };
		2E1C52B5232C2F2C00A05820 /* Base */ = {isa = PBXFileReference; lastKnownFileType = file.storyboard; name = Base; path = Base.lproj/LaunchScreen.storyboard; sourceTree = "<group>"; };
		2E1C52B7232C2F2C00A05820 /* Info.plist */ = {isa = PBXFileReference; lastKnownFileType = text.plist.xml; path = Info.plist; sourceTree = "<group>"; };
		2E1C52BC232C2F2C00A05820 /* coffeeshopTests.xctest */ = {isa = PBXFileReference; explicitFileType = wrapper.cfbundle; includeInIndex = 0; path = coffeeshopTests.xctest; sourceTree = BUILT_PRODUCTS_DIR; };
		2E1C52C0232C2F2C00A05820 /* coffeeshopTests.swift */ = {isa = PBXFileReference; lastKnownFileType = sourcecode.swift; path = coffeeshopTests.swift; sourceTree = "<group>"; };
		2E1C52C2232C2F2C00A05820 /* Info.plist */ = {isa = PBXFileReference; lastKnownFileType = text.plist.xml; path = Info.plist; sourceTree = "<group>"; };
		2E1C52C7232C2F2C00A05820 /* coffeeshopUITests.xctest */ = {isa = PBXFileReference; explicitFileType = wrapper.cfbundle; includeInIndex = 0; path = coffeeshopUITests.xctest; sourceTree = BUILT_PRODUCTS_DIR; };
		2E1C52CB232C2F2C00A05820 /* coffeeshopUITests.swift */ = {isa = PBXFileReference; lastKnownFileType = sourcecode.swift; path = coffeeshopUITests.swift; sourceTree = "<group>"; };
		2E1C52CD232C2F2C00A05820 /* Info.plist */ = {isa = PBXFileReference; lastKnownFileType = text.plist.xml; path = Info.plist; sourceTree = "<group>"; };
		2E1C52DF232C387100A05820 /* MainViewController.swift */ = {isa = PBXFileReference; lastKnownFileType = sourcecode.swift; path = MainViewController.swift; sourceTree = "<group>"; };
		2E1C52E0232C387100A05820 /* MainViewController.xib */ = {isa = PBXFileReference; lastKnownFileType = file.xib; path = MainViewController.xib; sourceTree = "<group>"; };
		2E8FEC30234D319500FD9F50 /* StorePointResponse.swift */ = {isa = PBXFileReference; lastKnownFileType = sourcecode.swift; path = StorePointResponse.swift; sourceTree = "<group>"; };
		2E8FEC32234D31A500FD9F50 /* StorePointViewModel.swift */ = {isa = PBXFileReference; lastKnownFileType = sourcecode.swift; path = StorePointViewModel.swift; sourceTree = "<group>"; };
/* End PBXFileReference section */

/* Begin PBXFrameworksBuildPhase section */
		2E1C52A2232C2F2800A05820 /* Frameworks */ = {
			isa = PBXFrameworksBuildPhase;
			buildActionMask = 2147483647;
			files = (
			);
			runOnlyForDeploymentPostprocessing = 0;
		};
		2E1C52B9232C2F2C00A05820 /* Frameworks */ = {
			isa = PBXFrameworksBuildPhase;
			buildActionMask = 2147483647;
			files = (
			);
			runOnlyForDeploymentPostprocessing = 0;
		};
		2E1C52C4232C2F2C00A05820 /* Frameworks */ = {
			isa = PBXFrameworksBuildPhase;
			buildActionMask = 2147483647;
			files = (
			);
			runOnlyForDeploymentPostprocessing = 0;
		};
/* End PBXFrameworksBuildPhase section */

/* Begin PBXGroup section */
		2E1C529C232C2F2800A05820 = {
			isa = PBXGroup;
			children = (
				2E1C52A7232C2F2900A05820 /* coffeeshop */,
				2E1C52BF232C2F2C00A05820 /* coffeeshopTests */,
				2E1C52CA232C2F2C00A05820 /* coffeeshopUITests */,
				2E1C52A6232C2F2900A05820 /* Products */,
			);
			sourceTree = "<group>";
		};
		2E1C52A6232C2F2900A05820 /* Products */ = {
			isa = PBXGroup;
			children = (
				2E1C52A5232C2F2900A05820 /* coffeeshop.app */,
				2E1C52BC232C2F2C00A05820 /* coffeeshopTests.xctest */,
				2E1C52C7232C2F2C00A05820 /* coffeeshopUITests.xctest */,
			);
			name = Products;
			sourceTree = "<group>";
		};
		2E1C52A7232C2F2900A05820 /* coffeeshop */ = {
			isa = PBXGroup;
			children = (
				2E8FEC2D234CE61400FD9F50 /* DataStore */,
				2E1C52DA232C367A00A05820 /* MainModule */,
				2E1C52EF232CCD2000A05820 /* NotificationModule */,
				2E1C52E7232CCC6600A05820 /* SettingsModule */,
				2E1C52E6232CCC3B00A05820 /* OrderHistoryModule */,
				2E1C52E5232CCC2400A05820 /* StoresModule */,
				2E1C52DB232C368E00A05820 /* App */,
				2E1C52D9232C366F00A05820 /* ServerMock */,
				2E1C52B2232C2F2C00A05820 /* Assets.xcassets */,
				2E1C52B4232C2F2C00A05820 /* LaunchScreen.storyboard */,
				2E1C52B7232C2F2C00A05820 /* Info.plist */,
				2E1C52AF232C2F2900A05820 /* coffeeshop.xcdatamodeld */,
			);
			path = coffeeshop;
			sourceTree = "<group>";
		};
		2E1C52BF232C2F2C00A05820 /* coffeeshopTests */ = {
			isa = PBXGroup;
			children = (
				2E1C52C0232C2F2C00A05820 /* coffeeshopTests.swift */,
				2E1C52C2232C2F2C00A05820 /* Info.plist */,
			);
			path = coffeeshopTests;
			sourceTree = "<group>";
		};
		2E1C52CA232C2F2C00A05820 /* coffeeshopUITests */ = {
			isa = PBXGroup;
			children = (
				2E1C52CB232C2F2C00A05820 /* coffeeshopUITests.swift */,
				2E1C52CD232C2F2C00A05820 /* Info.plist */,
			);
			path = coffeeshopUITests;
			sourceTree = "<group>";
		};
		2E1C52D9232C366F00A05820 /* ServerMock */ = {
			isa = PBXGroup;
			children = (
			);
			path = ServerMock;
			sourceTree = "<group>";
		};
		2E1C52DA232C367A00A05820 /* MainModule */ = {
			isa = PBXGroup;
			children = (
				2E1C52DE232C36F000A05820 /* Model */,
				2E1C52DD232C36E700A05820 /* Presenter */,
				2E1C52DC232C36A600A05820 /* View */,
			);
			path = MainModule;
			sourceTree = "<group>";
		};
		2E1C52DB232C368E00A05820 /* App */ = {
			isa = PBXGroup;
			children = (
				2E1C52AA232C2F2900A05820 /* RootViewController.swift */,
				2E1C52A8232C2F2900A05820 /* AppDelegate.swift */,
			);
			path = App;
			sourceTree = "<group>";
		};
		2E1C52DC232C36A600A05820 /* View */ = {
			isa = PBXGroup;
			children = (
				2E1C52DF232C387100A05820 /* MainViewController.swift */,
				2E1C52E0232C387100A05820 /* MainViewController.xib */,
			);
			path = View;
			sourceTree = "<group>";
		};
		2E1C52DD232C36E700A05820 /* Presenter */ = {
			isa = PBXGroup;
			children = (
			);
			path = Presenter;
			sourceTree = "<group>";
		};
		2E1C52DE232C36F000A05820 /* Model */ = {
			isa = PBXGroup;
			children = (
			);
			path = Model;
			sourceTree = "<group>";
		};
		2E1C52E5232CCC2400A05820 /* StoresModule */ = {
			isa = PBXGroup;
			children = (
				2E1C52EA232CCCA900A05820 /* Presenter */,
				2E1C52E9232CCCA400A05820 /* Model */,
				2E1C52E8232CCC9F00A05820 /* View */,
			);
			path = StoresModule;
			sourceTree = "<group>";
		};
		2E1C52E6232CCC3B00A05820 /* OrderHistoryModule */ = {
			isa = PBXGroup;
			children = (
				2E1C52ED232CCCB800A05820 /* Presenter */,
				2E1C52EC232CCCB400A05820 /* Model */,
				2E1C52EB232CCCAF00A05820 /* View */,
			);
			path = OrderHistoryModule;
			sourceTree = "<group>";
		};
		2E1C52E7232CCC6600A05820 /* SettingsModule */ = {
			isa = PBXGroup;
			children = (
				2E1C52F4232CD03000A05820 /* Presenter */,
				2E1C52F3232CD02B00A05820 /* Model */,
				2E1C52EE232CCD1B00A05820 /* View */,
			);
			path = SettingsModule;
			sourceTree = "<group>";
		};
		2E1C52E8232CCC9F00A05820 /* View */ = {
			isa = PBXGroup;
			children = (
			);
			path = View;
			sourceTree = "<group>";
		};
		2E1C52E9232CCCA400A05820 /* Model */ = {
			isa = PBXGroup;
			children = (
				2E8FEC30234D319500FD9F50 /* StorePointResponse.swift */,
				2E8FEC32234D31A500FD9F50 /* StorePointViewModel.swift */,
			);
			path = Model;
			sourceTree = "<group>";
		};
		2E1C52EA232CCCA900A05820 /* Presenter */ = {
			isa = PBXGroup;
			children = (
			);
			path = Presenter;
			sourceTree = "<group>";
		};
		2E1C52EB232CCCAF00A05820 /* View */ = {
			isa = PBXGroup;
			children = (
			);
			path = View;
			sourceTree = "<group>";
		};
		2E1C52EC232CCCB400A05820 /* Model */ = {
			isa = PBXGroup;
			children = (
			);
			path = Model;
			sourceTree = "<group>";
		};
		2E1C52ED232CCCB800A05820 /* Presenter */ = {
			isa = PBXGroup;
			children = (
			);
			path = Presenter;
			sourceTree = "<group>";
		};
		2E1C52EE232CCD1B00A05820 /* View */ = {
			isa = PBXGroup;
			children = (
			);
			path = View;
			sourceTree = "<group>";
		};
		2E1C52EF232CCD2000A05820 /* NotificationModule */ = {
			isa = PBXGroup;
			children = (
				2E1C52F2232CCD3800A05820 /* Model */,
				2E1C52F1232CCD3100A05820 /* Presenter */,
				2E1C52F0232CCD2C00A05820 /* View */,
			);
			path = NotificationModule;
			sourceTree = "<group>";
		};
		2E1C52F0232CCD2C00A05820 /* View */ = {
			isa = PBXGroup;
			children = (
			);
			path = View;
			sourceTree = "<group>";
		};
		2E1C52F1232CCD3100A05820 /* Presenter */ = {
			isa = PBXGroup;
			children = (
			);
			path = Presenter;
			sourceTree = "<group>";
		};
		2E1C52F2232CCD3800A05820 /* Model */ = {
			isa = PBXGroup;
			children = (
			);
			path = Model;
			sourceTree = "<group>";
		};
		2E1C52F3232CD02B00A05820 /* Model */ = {
			isa = PBXGroup;
			children = (
			);
			path = Model;
			sourceTree = "<group>";
		};
		2E1C52F4232CD03000A05820 /* Presenter */ = {
			isa = PBXGroup;
			children = (
			);
			path = Presenter;
			sourceTree = "<group>";
		};
		2E8FEC2D234CE61400FD9F50 /* DataStore */ = {
			isa = PBXGroup;
			children = (
			);
			path = DataStore;
			sourceTree = "<group>";
		};
/* End PBXGroup section */

/* Begin PBXNativeTarget section */
		2E1C52A4232C2F2800A05820 /* coffeeshop */ = {
			isa = PBXNativeTarget;
			buildConfigurationList = 2E1C52D0232C2F2C00A05820 /* Build configuration list for PBXNativeTarget "coffeeshop" */;
			buildPhases = (
				2E1C52A1232C2F2800A05820 /* Sources */,
				2E1C52A2232C2F2800A05820 /* Frameworks */,
				2E1C52A3232C2F2800A05820 /* Resources */,
			);
			buildRules = (
			);
			dependencies = (
			);
			name = coffeeshop;
			productName = coffeeshop;
			productReference = 2E1C52A5232C2F2900A05820 /* coffeeshop.app */;
			productType = "com.apple.product-type.application";
		};
		2E1C52BB232C2F2C00A05820 /* coffeeshopTests */ = {
			isa = PBXNativeTarget;
			buildConfigurationList = 2E1C52D3232C2F2C00A05820 /* Build configuration list for PBXNativeTarget "coffeeshopTests" */;
			buildPhases = (
				2E1C52B8232C2F2C00A05820 /* Sources */,
				2E1C52B9232C2F2C00A05820 /* Frameworks */,
				2E1C52BA232C2F2C00A05820 /* Resources */,
			);
			buildRules = (
			);
			dependencies = (
				2E1C52BE232C2F2C00A05820 /* PBXTargetDependency */,
			);
			name = coffeeshopTests;
			productName = coffeeshopTests;
			productReference = 2E1C52BC232C2F2C00A05820 /* coffeeshopTests.xctest */;
			productType = "com.apple.product-type.bundle.unit-test";
		};
		2E1C52C6232C2F2C00A05820 /* coffeeshopUITests */ = {
			isa = PBXNativeTarget;
			buildConfigurationList = 2E1C52D6232C2F2C00A05820 /* Build configuration list for PBXNativeTarget "coffeeshopUITests" */;
			buildPhases = (
				2E1C52C3232C2F2C00A05820 /* Sources */,
				2E1C52C4232C2F2C00A05820 /* Frameworks */,
				2E1C52C5232C2F2C00A05820 /* Resources */,
			);
			buildRules = (
			);
			dependencies = (
				2E1C52C9232C2F2C00A05820 /* PBXTargetDependency */,
			);
			name = coffeeshopUITests;
			productName = coffeeshopUITests;
			productReference = 2E1C52C7232C2F2C00A05820 /* coffeeshopUITests.xctest */;
			productType = "com.apple.product-type.bundle.ui-testing";
		};
/* End PBXNativeTarget section */

/* Begin PBXProject section */
		2E1C529D232C2F2800A05820 /* Project object */ = {
			isa = PBXProject;
			attributes = {
				LastSwiftUpdateCheck = 1030;
				LastUpgradeCheck = 1030;
				ORGANIZATIONNAME = "Roman Guseynov";
				TargetAttributes = {
					2E1C52A4232C2F2800A05820 = {
						CreatedOnToolsVersion = 10.3;
					};
					2E1C52BB232C2F2C00A05820 = {
						CreatedOnToolsVersion = 10.3;
						TestTargetID = 2E1C52A4232C2F2800A05820;
					};
					2E1C52C6232C2F2C00A05820 = {
						CreatedOnToolsVersion = 10.3;
						TestTargetID = 2E1C52A4232C2F2800A05820;
					};
				};
			};
			buildConfigurationList = 2E1C52A0232C2F2800A05820 /* Build configuration list for PBXProject "coffeeshop" */;
			compatibilityVersion = "Xcode 9.3";
			developmentRegion = en;
			hasScannedForEncodings = 0;
			knownRegions = (
				en,
				Base,
			);
			mainGroup = 2E1C529C232C2F2800A05820;
			productRefGroup = 2E1C52A6232C2F2900A05820 /* Products */;
			projectDirPath = "";
			projectRoot = "";
			targets = (
				2E1C52A4232C2F2800A05820 /* coffeeshop */,
				2E1C52BB232C2F2C00A05820 /* coffeeshopTests */,
				2E1C52C6232C2F2C00A05820 /* coffeeshopUITests */,
			);
		};
/* End PBXProject section */

/* Begin PBXResourcesBuildPhase section */
		2E1C52A3232C2F2800A05820 /* Resources */ = {
			isa = PBXResourcesBuildPhase;
			buildActionMask = 2147483647;
			files = (
				2E1C52B6232C2F2C00A05820 /* LaunchScreen.storyboard in Resources */,
				2E1C52E2232C387100A05820 /* MainViewController.xib in Resources */,
				2E1C52B3232C2F2C00A05820 /* Assets.xcassets in Resources */,
			);
			runOnlyForDeploymentPostprocessing = 0;
		};
		2E1C52BA232C2F2C00A05820 /* Resources */ = {
			isa = PBXResourcesBuildPhase;
			buildActionMask = 2147483647;
			files = (
			);
			runOnlyForDeploymentPostprocessing = 0;
		};
		2E1C52C5232C2F2C00A05820 /* Resources */ = {
			isa = PBXResourcesBuildPhase;
			buildActionMask = 2147483647;
			files = (
			);
			runOnlyForDeploymentPostprocessing = 0;
		};
/* End PBXResourcesBuildPhase section */

/* Begin PBXSourcesBuildPhase section */
		2E1C52A1232C2F2800A05820 /* Sources */ = {
			isa = PBXSourcesBuildPhase;
			buildActionMask = 2147483647;
			files = (
				2E8FEC31234D319500FD9F50 /* StorePointResponse.swift in Sources */,
				2E1C52B1232C2F2900A05820 /* coffeeshop.xcdatamodeld in Sources */,
				2E1C52AB232C2F2900A05820 /* RootViewController.swift in Sources */,
				2E1C52A9232C2F2900A05820 /* AppDelegate.swift in Sources */,
				2E1C52E1232C387100A05820 /* MainViewController.swift in Sources */,
				2E8FEC33234D31A500FD9F50 /* StorePointViewModel.swift in Sources */,
			);
			runOnlyForDeploymentPostprocessing = 0;
		};
		2E1C52B8232C2F2C00A05820 /* Sources */ = {
			isa = PBXSourcesBuildPhase;
			buildActionMask = 2147483647;
			files = (
				2E1C52C1232C2F2C00A05820 /* coffeeshopTests.swift in Sources */,
			);
			runOnlyForDeploymentPostprocessing = 0;
		};
		2E1C52C3232C2F2C00A05820 /* Sources */ = {
			isa = PBXSourcesBuildPhase;
			buildActionMask = 2147483647;
			files = (
				2E1C52CC232C2F2C00A05820 /* coffeeshopUITests.swift in Sources */,
			);
			runOnlyForDeploymentPostprocessing = 0;
		};
/* End PBXSourcesBuildPhase section */

/* Begin PBXTargetDependency section */
		2E1C52BE232C2F2C00A05820 /* PBXTargetDependency */ = {
			isa = PBXTargetDependency;
			target = 2E1C52A4232C2F2800A05820 /* coffeeshop */;
			targetProxy = 2E1C52BD232C2F2C00A05820 /* PBXContainerItemProxy */;
		};
		2E1C52C9232C2F2C00A05820 /* PBXTargetDependency */ = {
			isa = PBXTargetDependency;
			target = 2E1C52A4232C2F2800A05820 /* coffeeshop */;
			targetProxy = 2E1C52C8232C2F2C00A05820 /* PBXContainerItemProxy */;
		};
/* End PBXTargetDependency section */

/* Begin PBXVariantGroup section */
		2E1C52B4232C2F2C00A05820 /* LaunchScreen.storyboard */ = {
			isa = PBXVariantGroup;
			children = (
				2E1C52B5232C2F2C00A05820 /* Base */,
			);
			name = LaunchScreen.storyboard;
			sourceTree = "<group>";
		};
/* End PBXVariantGroup section */

/* Begin XCBuildConfiguration section */
		2E1C52CE232C2F2C00A05820 /* Debug */ = {
			isa = XCBuildConfiguration;
			buildSettings = {
				ALWAYS_SEARCH_USER_PATHS = NO;
				CLANG_ANALYZER_NONNULL = YES;
				CLANG_ANALYZER_NUMBER_OBJECT_CONVERSION = YES_AGGRESSIVE;
				CLANG_CXX_LANGUAGE_STANDARD = "gnu++14";
				CLANG_CXX_LIBRARY = "libc++";
				CLANG_ENABLE_MODULES = YES;
				CLANG_ENABLE_OBJC_ARC = YES;
				CLANG_ENABLE_OBJC_WEAK = YES;
				CLANG_WARN_BLOCK_CAPTURE_AUTORELEASING = YES;
				CLANG_WARN_BOOL_CONVERSION = YES;
				CLANG_WARN_COMMA = YES;
				CLANG_WARN_CONSTANT_CONVERSION = YES;
				CLANG_WARN_DEPRECATED_OBJC_IMPLEMENTATIONS = YES;
				CLANG_WARN_DIRECT_OBJC_ISA_USAGE = YES_ERROR;
				CLANG_WARN_DOCUMENTATION_COMMENTS = YES;
				CLANG_WARN_EMPTY_BODY = YES;
				CLANG_WARN_ENUM_CONVERSION = YES;
				CLANG_WARN_INFINITE_RECURSION = YES;
				CLANG_WARN_INT_CONVERSION = YES;
				CLANG_WARN_NON_LITERAL_NULL_CONVERSION = YES;
				CLANG_WARN_OBJC_IMPLICIT_RETAIN_SELF = YES;
				CLANG_WARN_OBJC_LITERAL_CONVERSION = YES;
				CLANG_WARN_OBJC_ROOT_CLASS = YES_ERROR;
				CLANG_WARN_RANGE_LOOP_ANALYSIS = YES;
				CLANG_WARN_STRICT_PROTOTYPES = YES;
				CLANG_WARN_SUSPICIOUS_MOVE = YES;
				CLANG_WARN_UNGUARDED_AVAILABILITY = YES_AGGRESSIVE;
				CLANG_WARN_UNREACHABLE_CODE = YES;
				CLANG_WARN__DUPLICATE_METHOD_MATCH = YES;
				CODE_SIGN_IDENTITY = "iPhone Developer";
				COPY_PHASE_STRIP = NO;
				DEBUG_INFORMATION_FORMAT = dwarf;
				ENABLE_STRICT_OBJC_MSGSEND = YES;
				ENABLE_TESTABILITY = YES;
				GCC_C_LANGUAGE_STANDARD = gnu11;
				GCC_DYNAMIC_NO_PIC = NO;
				GCC_NO_COMMON_BLOCKS = YES;
				GCC_OPTIMIZATION_LEVEL = 0;
				GCC_PREPROCESSOR_DEFINITIONS = (
					"DEBUG=1",
					"$(inherited)",
				);
				GCC_WARN_64_TO_32_BIT_CONVERSION = YES;
				GCC_WARN_ABOUT_RETURN_TYPE = YES_ERROR;
				GCC_WARN_UNDECLARED_SELECTOR = YES;
				GCC_WARN_UNINITIALIZED_AUTOS = YES_AGGRESSIVE;
				GCC_WARN_UNUSED_FUNCTION = YES;
				GCC_WARN_UNUSED_VARIABLE = YES;
				IPHONEOS_DEPLOYMENT_TARGET = 12.0;
				MTL_ENABLE_DEBUG_INFO = INCLUDE_SOURCE;
				MTL_FAST_MATH = YES;
				ONLY_ACTIVE_ARCH = YES;
				SDKROOT = iphoneos;
				SWIFT_ACTIVE_COMPILATION_CONDITIONS = DEBUG;
				SWIFT_OPTIMIZATION_LEVEL = "-Onone";
			};
			name = Debug;
		};
		2E1C52CF232C2F2C00A05820 /* Release */ = {
			isa = XCBuildConfiguration;
			buildSettings = {
				ALWAYS_SEARCH_USER_PATHS = NO;
				CLANG_ANALYZER_NONNULL = YES;
				CLANG_ANALYZER_NUMBER_OBJECT_CONVERSION = YES_AGGRESSIVE;
				CLANG_CXX_LANGUAGE_STANDARD = "gnu++14";
				CLANG_CXX_LIBRARY = "libc++";
				CLANG_ENABLE_MODULES = YES;
				CLANG_ENABLE_OBJC_ARC = YES;
				CLANG_ENABLE_OBJC_WEAK = YES;
				CLANG_WARN_BLOCK_CAPTURE_AUTORELEASING = YES;
				CLANG_WARN_BOOL_CONVERSION = YES;
				CLANG_WARN_COMMA = YES;
				CLANG_WARN_CONSTANT_CONVERSION = YES;
				CLANG_WARN_DEPRECATED_OBJC_IMPLEMENTATIONS = YES;
				CLANG_WARN_DIRECT_OBJC_ISA_USAGE = YES_ERROR;
				CLANG_WARN_DOCUMENTATION_COMMENTS = YES;
				CLANG_WARN_EMPTY_BODY = YES;
				CLANG_WARN_ENUM_CONVERSION = YES;
				CLANG_WARN_INFINITE_RECURSION = YES;
				CLANG_WARN_INT_CONVERSION = YES;
				CLANG_WARN_NON_LITERAL_NULL_CONVERSION = YES;
				CLANG_WARN_OBJC_IMPLICIT_RETAIN_SELF = YES;
				CLANG_WARN_OBJC_LITERAL_CONVERSION = YES;
				CLANG_WARN_OBJC_ROOT_CLASS = YES_ERROR;
				CLANG_WARN_RANGE_LOOP_ANALYSIS = YES;
				CLANG_WARN_STRICT_PROTOTYPES = YES;
				CLANG_WARN_SUSPICIOUS_MOVE = YES;
				CLANG_WARN_UNGUARDED_AVAILABILITY = YES_AGGRESSIVE;
				CLANG_WARN_UNREACHABLE_CODE = YES;
				CLANG_WARN__DUPLICATE_METHOD_MATCH = YES;
				CODE_SIGN_IDENTITY = "iPhone Developer";
				COPY_PHASE_STRIP = NO;
				DEBUG_INFORMATION_FORMAT = "dwarf-with-dsym";
				ENABLE_NS_ASSERTIONS = NO;
				ENABLE_STRICT_OBJC_MSGSEND = YES;
				GCC_C_LANGUAGE_STANDARD = gnu11;
				GCC_NO_COMMON_BLOCKS = YES;
				GCC_WARN_64_TO_32_BIT_CONVERSION = YES;
				GCC_WARN_ABOUT_RETURN_TYPE = YES_ERROR;
				GCC_WARN_UNDECLARED_SELECTOR = YES;
				GCC_WARN_UNINITIALIZED_AUTOS = YES_AGGRESSIVE;
				GCC_WARN_UNUSED_FUNCTION = YES;
				GCC_WARN_UNUSED_VARIABLE = YES;
				IPHONEOS_DEPLOYMENT_TARGET = 12.0;
				MTL_ENABLE_DEBUG_INFO = NO;
				MTL_FAST_MATH = YES;
				SDKROOT = iphoneos;
				SWIFT_COMPILATION_MODE = wholemodule;
				SWIFT_OPTIMIZATION_LEVEL = "-O";
				VALIDATE_PRODUCT = YES;
			};
			name = Release;
		};
		2E1C52D1232C2F2C00A05820 /* Debug */ = {
			isa = XCBuildConfiguration;
			buildSettings = {
				ASSETCATALOG_COMPILER_APPICON_NAME = AppIcon;
				CODE_SIGN_STYLE = Automatic;
				DEVELOPMENT_TEAM = WSRUWJK48Z;
				INFOPLIST_FILE = coffeeshop/Info.plist;
				IPHONEOS_DEPLOYMENT_TARGET = 13.0;
				LD_RUNPATH_SEARCH_PATHS = (
					"$(inherited)",
					"@executable_path/Frameworks",
				);
				PRODUCT_BUNDLE_IDENTIFIER = org.guseynov.technologies.coffeeshop;
				PRODUCT_NAME = "$(TARGET_NAME)";
				SWIFT_VERSION = 5.0;
				TARGETED_DEVICE_FAMILY = 1;
			};
			name = Debug;
		};
		2E1C52D2232C2F2C00A05820 /* Release */ = {
			isa = XCBuildConfiguration;
			buildSettings = {
				ASSETCATALOG_COMPILER_APPICON_NAME = AppIcon;
				CODE_SIGN_STYLE = Automatic;
				DEVELOPMENT_TEAM = WSRUWJK48Z;
				INFOPLIST_FILE = coffeeshop/Info.plist;
				IPHONEOS_DEPLOYMENT_TARGET = 13.0;
				LD_RUNPATH_SEARCH_PATHS = (
					"$(inherited)",
					"@executable_path/Frameworks",
				);
				PRODUCT_BUNDLE_IDENTIFIER = org.guseynov.technologies.coffeeshop;
				PRODUCT_NAME = "$(TARGET_NAME)";
				SWIFT_VERSION = 5.0;
				TARGETED_DEVICE_FAMILY = 1;
			};
			name = Release;
		};
		2E1C52D4232C2F2C00A05820 /* Debug */ = {
			isa = XCBuildConfiguration;
			buildSettings = {
				ALWAYS_EMBED_SWIFT_STANDARD_LIBRARIES = YES;
				BUNDLE_LOADER = "$(TEST_HOST)";
				CODE_SIGN_STYLE = Automatic;
				DEVELOPMENT_TEAM = WSRUWJK48Z;
				INFOPLIST_FILE = coffeeshopTests/Info.plist;
				LD_RUNPATH_SEARCH_PATHS = (
					"$(inherited)",
					"@executable_path/Frameworks",
					"@loader_path/Frameworks",
				);
				PRODUCT_BUNDLE_IDENTIFIER = org.guseynov.technologies.coffeeshopTests;
				PRODUCT_NAME = "$(TARGET_NAME)";
				SWIFT_VERSION = 5.0;
				TARGETED_DEVICE_FAMILY = "1,2";
				TEST_HOST = "$(BUILT_PRODUCTS_DIR)/coffeeshop.app/coffeeshop";
			};
			name = Debug;
		};
		2E1C52D5232C2F2C00A05820 /* Release */ = {
			isa = XCBuildConfiguration;
			buildSettings = {
				ALWAYS_EMBED_SWIFT_STANDARD_LIBRARIES = YES;
				BUNDLE_LOADER = "$(TEST_HOST)";
				CODE_SIGN_STYLE = Automatic;
				DEVELOPMENT_TEAM = WSRUWJK48Z;
				INFOPLIST_FILE = coffeeshopTests/Info.plist;
				LD_RUNPATH_SEARCH_PATHS = (
					"$(inherited)",
					"@executable_path/Frameworks",
					"@loader_path/Frameworks",
				);
				PRODUCT_BUNDLE_IDENTIFIER = org.guseynov.technologies.coffeeshopTests;
				PRODUCT_NAME = "$(TARGET_NAME)";
				SWIFT_VERSION = 5.0;
				TARGETED_DEVICE_FAMILY = "1,2";
				TEST_HOST = "$(BUILT_PRODUCTS_DIR)/coffeeshop.app/coffeeshop";
			};
			name = Release;
		};
		2E1C52D7232C2F2C00A05820 /* Debug */ = {
			isa = XCBuildConfiguration;
			buildSettings = {
				ALWAYS_EMBED_SWIFT_STANDARD_LIBRARIES = YES;
				CODE_SIGN_STYLE = Automatic;
				DEVELOPMENT_TEAM = WSRUWJK48Z;
				INFOPLIST_FILE = coffeeshopUITests/Info.plist;
				LD_RUNPATH_SEARCH_PATHS = (
					"$(inherited)",
					"@executable_path/Frameworks",
					"@loader_path/Frameworks",
				);
				PRODUCT_BUNDLE_IDENTIFIER = org.guseynov.technologies.coffeeshopUITests;
				PRODUCT_NAME = "$(TARGET_NAME)";
				SWIFT_VERSION = 5.0;
				TARGETED_DEVICE_FAMILY = "1,2";
				TEST_TARGET_NAME = coffeeshop;
			};
			name = Debug;
		};
		2E1C52D8232C2F2C00A05820 /* Release */ = {
			isa = XCBuildConfiguration;
			buildSettings = {
				ALWAYS_EMBED_SWIFT_STANDARD_LIBRARIES = YES;
				CODE_SIGN_STYLE = Automatic;
				DEVELOPMENT_TEAM = WSRUWJK48Z;
				INFOPLIST_FILE = coffeeshopUITests/Info.plist;
				LD_RUNPATH_SEARCH_PATHS = (
					"$(inherited)",
					"@executable_path/Frameworks",
					"@loader_path/Frameworks",
				);
				PRODUCT_BUNDLE_IDENTIFIER = org.guseynov.technologies.coffeeshopUITests;
				PRODUCT_NAME = "$(TARGET_NAME)";
				SWIFT_VERSION = 5.0;
				TARGETED_DEVICE_FAMILY = "1,2";
				TEST_TARGET_NAME = coffeeshop;
			};
			name = Release;
		};
/* End XCBuildConfiguration section */

/* Begin XCConfigurationList section */
		2E1C52A0232C2F2800A05820 /* Build configuration list for PBXProject "coffeeshop" */ = {
			isa = XCConfigurationList;
			buildConfigurations = (
				2E1C52CE232C2F2C00A05820 /* Debug */,
				2E1C52CF232C2F2C00A05820 /* Release */,
			);
			defaultConfigurationIsVisible = 0;
			defaultConfigurationName = Release;
		};
		2E1C52D0232C2F2C00A05820 /* Build configuration list for PBXNativeTarget "coffeeshop" */ = {
			isa = XCConfigurationList;
			buildConfigurations = (
				2E1C52D1232C2F2C00A05820 /* Debug */,
				2E1C52D2232C2F2C00A05820 /* Release */,
			);
			defaultConfigurationIsVisible = 0;
			defaultConfigurationName = Release;
		};
		2E1C52D3232C2F2C00A05820 /* Build configuration list for PBXNativeTarget "coffeeshopTests" */ = {
			isa = XCConfigurationList;
			buildConfigurations = (
				2E1C52D4232C2F2C00A05820 /* Debug */,
				2E1C52D5232C2F2C00A05820 /* Release */,
			);
			defaultConfigurationIsVisible = 0;
			defaultConfigurationName = Release;
		};
		2E1C52D6232C2F2C00A05820 /* Build configuration list for PBXNativeTarget "coffeeshopUITests" */ = {
			isa = XCConfigurationList;
			buildConfigurations = (
				2E1C52D7232C2F2C00A05820 /* Debug */,
				2E1C52D8232C2F2C00A05820 /* Release */,
			);
			defaultConfigurationIsVisible = 0;
			defaultConfigurationName = Release;
		};
/* End XCConfigurationList section */

/* Begin XCVersionGroup section */
		2E1C52AF232C2F2900A05820 /* coffeeshop.xcdatamodeld */ = {
			isa = XCVersionGroup;
			children = (
				2E1C52B0232C2F2900A05820 /* coffeeshop.xcdatamodel */,
			);
			currentVersion = 2E1C52B0232C2F2900A05820 /* coffeeshop.xcdatamodel */;
			path = coffeeshop.xcdatamodeld;
			sourceTree = "<group>";
			versionGroupType = wrapper.xcdatamodel;
		};
/* End XCVersionGroup section */
	};
	rootObject = 2E1C529D232C2F2800A05820 /* Project object */;
}
